
Microsoft Visual Studio Solution File, Format Version 12.00
# Visual Studio Version 17
VisualStudioVersion = 17.13.35806.99 d17.13
MinimumVisualStudioVersion = 10.0.40219.1
Project("{FAE04EC0-301F-11D3-BF4B-00C04F79EFBC}") = "ReNatWebApi", "ReNatWebApi\ReNatWebApi.csproj", "{1419F63B-4671-4B03-95E5-179C6064F816}"
EndProject
Project("{FAE04EC0-301F-11D3-BF4B-00C04F79EFBC}") = "Domain", "Domain\Domain.csproj", "{BE19B78D-7CE3-421A-B448-3F5B32471E76}"
EndProject
Project("{FAE04EC0-301F-11D3-BF4B-00C04F79EFBC}") = "Core", "Core\Core.csproj", "{A64D9847-8D3A-40BE-8C28-00D507EECE1A}"
EndProject
Global
	GlobalSection(SolutionConfigurationPlatforms) = preSolution
		Debug|Any CPU = Debug|Any CPU
		Release|Any CPU = Release|Any CPU
	EndGlobalSection
	GlobalSection(ProjectConfigurationPlatforms) = postSolution
		{1419F63B-4671-4B03-95E5-179C6064F816}.Debug|Any CPU.ActiveCfg = Debug|Any CPU
		{1419F63B-4671-4B03-95E5-179C6064F816}.Debug|Any CPU.Build.0 = Debug|Any CPU
		{1419F63B-4671-4B03-95E5-179C6064F816}.Release|Any CPU.ActiveCfg = Release|Any CPU
		{1419F63B-4671-4B03-95E5-179C6064F816}.Release|Any CPU.Build.0 = Release|Any CPU
		{BE19B78D-7CE3-421A-B448-3F5B32471E76}.Debug|Any CPU.ActiveCfg = Debug|Any CPU
		{BE19B78D-7CE3-421A-B448-3F5B32471E76}.Debug|Any CPU.Build.0 = Debug|Any CPU
		{BE19B78D-7CE3-421A-B448-3F5B32471E76}.Release|Any CPU.ActiveCfg = Release|Any CPU
		{BE19B78D-7CE3-421A-B448-3F5B32471E76}.Release|Any CPU.Build.0 = Release|Any CPU
		{A64D9847-8D3A-40BE-8C28-00D507EECE1A}.Debug|Any CPU.ActiveCfg = Debug|Any CPU
		{A64D9847-8D3A-40BE-8C28-00D507EECE1A}.Debug|Any CPU.Build.0 = Debug|Any CPU
		{A64D9847-8D3A-40BE-8C28-00D507EECE1A}.Release|Any CPU.ActiveCfg = Release|Any CPU
		{A64D9847-8D3A-40BE-8C28-00D507EECE1A}.Release|Any CPU.Build.0 = Release|Any CPU
	EndGlobalSection
	GlobalSection(SolutionProperties) = preSolution
		HideSolutionNode = FALSE
	EndGlobalSection
	GlobalSection(ExtensibilityGlobals) = postSolution
		SolutionGuid = {66E5FE35-8535-4365-B95E-05981284B051}
	EndGlobalSection
EndGlobal
